PackratFormat: 1.4
PackratVersion: 0.5.0
RVersion: 3.5.1
Repos: CRAN=https://cloud.r-project.org

Package: BH
Source: CRAN
Version: 1.66.0-1
Hash: 4cc8883584b955ed01f38f68bc03af6d

Package: DBI
Source: CRAN
Version: 1.0.0
Hash: 6abedd7919c4457604c0aa44529a6683

Package: R6
Source: CRAN
Version: 2.3.0
Hash: 8eccabbf292b5aba632985cde6406fc3

Package: RColorBrewer
Source: CRAN
Version: 1.1-2
Hash: c0d56cd15034f395874c870141870c25

Package: RPostgreSQL
Source: CRAN
Version: 0.6-2
Hash: 3f9effd1b6b265ca9287546537bf5d96
Requires: DBI

Package: Rcpp
Source: CRAN
Version: 1.0.0
Hash: c7273c0f0bc9f5e41f4c52a8cf571f0f

Package: assertthat
Source: CRAN
Version: 0.2.0
Hash: e8805df54c65ac96d50235c44a82615c

Package: bindr
Source: CRAN
Version: 0.1.1
Hash: 76578c5f543a6ecbc1365d6445f9ebf7

Package: bindrcpp
Source: CRAN
Version: 0.2.2
Hash: 8ce499301f0dc5c7ff69f0b42e33f5c1
Requires: Rcpp, bindr, plogr

Package: cellranger
Source: CRAN
Version: 1.1.0
Hash: be9d203e7849f73818b36f93e9273c2c
Requires: rematch, tibble

Package: cli
Source: CRAN
Version: 1.0.1
Hash: a742a3229dbf7085c3a737af10e5065b
Requires: assertthat, crayon

Package: clipr
Source: CRAN
Version: 0.4.1
Hash: caf20ae357bfa2ed50e0e7db267f69ce

Package: colorspace
Source: CRAN
Version: 1.4-0
Hash: 5eef58a5bcfd315a326eeaf43720cd26

Package: crayon
Source: CRAN
Version: 1.3.4
Hash: ff2840dd9b0d563fc80377a5a45510cd

Package: data.table
Source: CRAN
Version: 1.11.8
Hash: 67c877937c790a0cadb71284febb6b34

Package: digest
Source: CRAN
Version: 0.6.18
Hash: 65f62365ec69ddd17230d2ffe891a6ab

Package: doParallel
Source: CRAN
Version: 1.0.14
Hash: 7e564b9d723d8648b18457baba2a1383
Requires: foreach, iterators

Package: dplyr
Source: CRAN
Version: 0.7.8
Hash: d6e576944199cba782a471015a822848
Requires: BH, R6, Rcpp, assertthat, bindrcpp, glue, magrittr,
    pkgconfig, plogr, rlang, tibble, tidyselect

Package: economiccomplexity
Source: CRAN
Version: 0.1.0
Hash: dd510eac0f094ce19b164aefa909cc17
Requires: dplyr, igraph, magrittr, rlang, tibble, tidyr

Package: fansi
Source: CRAN
Version: 0.4.0
Hash: f147621f72b561485bfffcae78c4f5d5

Package: foreach
Source: CRAN
Version: 1.4.4
Hash: 4df5ab2c8c35382dacab75d414da6748
Requires: iterators

Package: ggplot2
Source: CRAN
Version: 3.1.0
Hash: ef541b05dda10b209d509b5bbaf46ea3
Requires: digest, gtable, lazyeval, plyr, reshape2, rlang, scales,
    tibble, viridisLite, withr

Package: glue
Source: CRAN
Version: 1.3.0
Hash: 1fbde6dec830370be696eee8ef31c9e4

Package: gtable
Source: CRAN
Version: 0.2.0
Hash: cd78381a9d3fea966ac39bd0daaf5554

Package: hms
Source: CRAN
Version: 0.4.2
Hash: b4096a4f6a6736138e9a825c2baaacf0
Requires: pkgconfig, rlang

Package: httpuv
Source: CRAN
Version: 1.4.5.1
Hash: b754445499d0b3c8c237e1a5e30b568b
Requires: BH, Rcpp, later, promises

Package: igraph
Source: CRAN
Version: 1.2.4.1
Hash: 0d76047f1a1aa89e989018646a78d462
Requires: magrittr, pkgconfig

Package: iterators
Source: CRAN
Version: 1.0.10
Hash: 9f8af91e4a3487a282d7dea67513e519

Package: janitor
Source: CRAN
Version: 1.1.1
Hash: 786fa7578e57d5e3c47e23932152cbae
Requires: dplyr, magrittr, purrr, rlang, snakecase, tidyr

Package: jsonlite
Source: CRAN
Version: 1.5
Hash: 9c51936d8dd00b2f1d4fe9d10499694c

Package: labeling
Source: CRAN
Version: 0.3
Hash: ecf589b42cd284b03a4beb9665482d3e

Package: later
Source: CRAN
Version: 0.7.5
Hash: 46d61526aa5163d70905211e0f1b5639
Requires: BH, Rcpp, rlang

Package: lazyeval
Source: CRAN
Version: 0.2.1
Hash: 88926ad9c43581fd0822a37c8ed09f05

Package: magrittr
Source: CRAN
Version: 1.5
Hash: bdc4d48c3135e8f3b399536ddf160df4

Package: munsell
Source: CRAN
Version: 0.5.0
Hash: 38d0efee9bb99bef143bde41c4ce715c
Requires: colorspace

Package: packrat
Source: CRAN
Version: 0.5.0
Hash: 498643e765d1442ba7b1160a1df3abf9

Package: pacman
Source: CRAN
Version: 0.5.0
Hash: c05b1da1943bdd4a7b255df08d0a5e3f
Requires: remotes

Package: pillar
Source: CRAN
Version: 1.3.0
Hash: 3e43f774fa6dfba877caca1aebbeaa6a
Requires: cli, crayon, fansi, rlang, utf8

Package: pkgconfig
Source: CRAN
Version: 2.0.2
Hash: b0fd6ed908e150b77e5f00c6478bd58c

Package: plogr
Source: CRAN
Version: 0.2.0
Hash: 81a8008a5e7858552503935f1abe48aa

Package: plumber
Source: CRAN
Version: 0.4.6
Hash: 56b7230d3ec9bfe86c17b83af6a9b011
Requires: R6, crayon, httpuv, jsonlite, stringi

Package: plyr
Source: CRAN
Version: 1.8.4
Hash: ec185c885aab7ec91693d78c20cb5d1a
Requires: Rcpp

Package: png
Source: CRAN
Version: 0.1-7
Hash: 421d7d6e0fb4bd885ecbd909b6456b8b

Package: promises
Source: CRAN
Version: 1.0.1
Hash: f96ac20f3961868f8d6ec63a3bf3566f
Requires: R6, Rcpp, later, magrittr, rlang

Package: purrr
Source: CRAN
Version: 0.2.5
Hash: 8b0c16db10c7e20b70cd37779a673a8b
Requires: magrittr, rlang, tibble

Package: rJava
Source: CRAN
Version: 0.9-10
Hash: ced564fa0273ec2be836ee586570d436

Package: readr
Source: CRAN
Version: 1.2.1
Hash: 89243d49f82826986927086db3f6f315
Requires: BH, R6, Rcpp, clipr, hms, tibble

Package: readxl
Source: CRAN
Version: 1.1.0
Hash: 0497885c7882757874d6eb0650a6dcff
Requires: Rcpp, cellranger, tibble

Package: rematch
Source: CRAN
Version: 1.0.1
Hash: ad4faf59e7611117ff165817074c50c7

Package: remotes
Source: CRAN
Version: 2.0.2
Hash: cfcf5e119ed5e6af4b47530ba59101f3

Package: reshape2
Source: CRAN
Version: 1.4.3
Hash: c950c8ac85b81209635acb3ce21b4cce
Requires: Rcpp, plyr, stringr

Package: rlang
Source: CRAN
Version: 0.3.0.1
Hash: 35fb7a51d5d756c56f793ed9c381fb84

Package: scales
Source: CRAN
Version: 1.0.0
Hash: 7d9b717abcec656ae7c5c982d72b75e5
Requires: R6, RColorBrewer, Rcpp, labeling, munsell, viridisLite

Package: snakecase
Source: CRAN
Version: 0.9.2
Hash: c67778df898527e274557bff6bf50778
Requires: stringi, stringr

Package: stringi
Source: CRAN
Version: 1.2.4
Hash: 03ab60ef7fa4627b38ad67c95ce6b04c

Package: stringr
Source: CRAN
Version: 1.3.1
Hash: 9f417a1d899ed1f080942ab36998e8b5
Requires: glue, magrittr, stringi

Package: tabulizer
Source: CRAN
Version: 0.2.2
Hash: a396d278af13cac2008f2d61e61046e9
Requires: png, rJava, tabulizerjars

Package: tabulizerjars
Source: CRAN
Version: 1.0.1
Hash: bc6b3d0c05b39174b28636f08f9a5e1d
Requires: rJava

Package: tibble
Source: CRAN
Version: 1.4.2
Hash: 83895360ce4f8d2ce92eee00526b5b0b
Requires: cli, crayon, pillar, rlang

Package: tidyr
Source: CRAN
Version: 0.8.2
Hash: 9ff92b9b3c11dfcd94d179b75b85c668
Requires: Rcpp, dplyr, glue, magrittr, purrr, rlang, stringi, tibble,
    tidyselect

Package: tidyselect
Source: CRAN
Version: 0.2.5
Hash: fad1cf10c5c4996fca6ca68e0716d2e6
Requires: Rcpp, glue, purrr, rlang

Package: utf8
Source: CRAN
Version: 1.1.4
Hash: f3f97ce59092abc8ed3fd098a59e236c

Package: viridisLite
Source: CRAN
Version: 0.3.0
Hash: 78bb072c4f9e729a283d4c40ec93f9c6

Package: withr
Source: CRAN
Version: 2.1.2
Hash: d534108bcd5f34ec73e9eb523751ba20
