PackratFormat: 1.4
PackratVersion: 0.5.0
RVersion: 3.6.3
Repos: CRAN=https://cloud.r-project.org

Package: BH
Source: CRAN
Version: 1.72.0-3
Hash: fc53be86f0b712d3de03fef95893d710

Package: DBI
Source: CRAN
Version: 1.1.0
Hash: d1075050684753e939c45775617c8f38

Package: ISOcodes
Source: CRAN
Version: 2019.12.22
Hash: 54d8cad390946bcae5e88fe0bdf5f44f

Package: R6
Source: CRAN
Version: 2.4.1
Hash: b488861d8c3dfac497e041ec911df9fb

Package: RColorBrewer
Source: CRAN
Version: 1.1-2
Hash: c0d56cd15034f395874c870141870c25

Package: RPostgreSQL
Source: CRAN
Version: 0.6-2
Hash: 3f9effd1b6b265ca9287546537bf5d96
Requires: DBI

Package: Rcpp
Source: CRAN
Version: 1.0.3
Hash: 99f6a1855b2f9434e1399d565d2ed9df

Package: SnowballC
Source: CRAN
Version: 0.6.0
Hash: 25360cd330d44fc61d12f127d83b991a

Package: TTR
Source: CRAN
Version: 0.23-6
Hash: ecd99f4703f96b3da329010465aaddde
Requires: curl, xts, zoo

Package: XML
Source: CRAN
Version: 3.99-0.3
Hash: 575c7de7d478a357a378bbf2ae7dc460

Package: assertthat
Source: CRAN
Version: 0.2.1
Hash: 622be49032fe50bd42e96aaef613e209

Package: backports
Source: CRAN
Version: 1.1.5
Hash: 35ad64fcf2063e2a52031b0f1a59d8f0

Package: broom
Source: CRAN
Version: 0.5.5
Hash: a1c5c8cff5602b1c70c032f80edab882
Requires: backports, dplyr, generics, purrr, reshape2, stringr, tibble,
    tidyr

Package: cellranger
Source: CRAN
Version: 1.1.0
Hash: be9d203e7849f73818b36f93e9273c2c
Requires: rematch, tibble

Package: cli
Source: CRAN
Version: 2.0.2
Hash: 6fc0b39f0fdbe3a025062807019e1180
Requires: assertthat, crayon, fansi, glue

Package: clipr
Source: CRAN
Version: 0.7.0
Hash: 30cdec6c8cc62c80c485e6bdd0c02b05

Package: crayon
Source: CRAN
Version: 1.3.4
Hash: ff2840dd9b0d563fc80377a5a45510cd

Package: crosstalk
Source: CRAN
Version: 1.1.0.1
Hash: 0074e4967b2db46d003c5d23e4519306
Requires: R6, htmltools, jsonlite, lazyeval

Package: crul
Source: CRAN
Version: 0.9.0
Hash: 9afb3632d52b5400fa335b50c0665fdb
Requires: R6, curl, httpcode, jsonlite, mime, urltools

Package: curl
Source: CRAN
Version: 4.3
Hash: 3916ae5637dbaf5996dbde80ea92a047

Package: data.table
Source: CRAN
Version: 1.12.8
Hash: 283ad0e503ab521300c6d1d02e58d2ae

Package: dbplyr
Source: CRAN
Version: 1.4.2
Hash: 98ff6c6b2ff30fd4007dd16c75027b30
Requires: DBI, R6, assertthat, dplyr, glue, purrr, rlang, tibble,
    tidyselect

Package: digest
Source: CRAN
Version: 0.6.25
Hash: ec0a673866797c8c1fc1daa359fb4cad

Package: dplyr
Source: CRAN
Version: 0.8.5
Hash: cd916e5de74d11296955abedbcfab338
Requires: BH, R6, Rcpp, assertthat, ellipsis, glue, magrittr,
    pkgconfig, plogr, rlang, tibble, tidyselect

Package: ellipsis
Source: CRAN
Version: 0.3.0
Hash: 30b58109e4d7c6184a9c2e32f9ae38c6
Requires: rlang

Package: fansi
Source: CRAN
Version: 0.4.1
Hash: fc0a252b8e427847d13e89f56ab4665e

Package: fastmap
Source: CRAN
Version: 1.0.1
Hash: d272cd728e4095b3964181b44763f46c

Package: forcats
Source: CRAN
Version: 0.5.0
Hash: 6b130778caccc8e4e6cf498c76c84e7b
Requires: ellipsis, magrittr, rlang, tibble

Package: generics
Source: CRAN
Version: 0.0.2
Hash: 4aaf002dd434e8c854611c5d11a1d58e

Package: glue
Source: CRAN
Version: 1.3.2
Hash: fb50a5bde4eab383b1307003bbac25dd

Package: haven
Source: CRAN
Version: 2.2.0
Hash: 28c80524a8dd671fc32e94fcc05c6975
Requires: Rcpp, forcats, hms, readr, rlang, tibble, tidyselect

Package: highcharter
Source: CRAN
Version: 0.7.0
Hash: ef22a390c239c8244944e1736b2cff8f
Requires: assertthat, broom, crosstalk, dplyr, htmltools, htmlwidgets,
    igraph, jsonlite, lubridate, magrittr, purrr, quantmod, rlang,
    rlist, stringr, tibble, tidyr, whisker, xts, yaml, zoo

Package: hms
Source: CRAN
Version: 0.5.3
Hash: a0709e1b17b4bc1c27f5235177543e07
Requires: pkgconfig, rlang, vctrs

Package: htmltools
Source: CRAN
Version: 0.4.0
Hash: ede066c0aec518db9acda803c6b94503
Requires: Rcpp, digest, rlang

Package: htmlwidgets
Source: CRAN
Version: 1.5.1
Hash: 20e5cc02b795afc7322836c947b5aab2
Requires: htmltools, jsonlite, yaml

Package: httpcode
Source: CRAN
Version: 0.2.0
Hash: 368cd36e433bc92585482ce49b7028ab

Package: httpuv
Source: CRAN
Version: 1.5.2
Hash: 2289547bb56449fe96520a8cc62d3a95
Requires: BH, R6, Rcpp, later, promises

Package: hunspell
Source: CRAN
Version: 3.0
Hash: ca33dffdc7b9f80157fd9bc8b697634b
Requires: Rcpp, digest

Package: igraph
Source: CRAN
Version: 1.2.4.2
Hash: 13fd902945ea53bda3f78d1b6c619bf6
Requires: magrittr, pkgconfig

Package: janeaustenr
Source: CRAN
Version: 0.1.5
Hash: fa8163788aa6d49b17bf9bf517d5771e

Package: jsonlite
Source: CRAN
Version: 1.6.1
Hash: bfde5e6072ca0f5226f49e457a9ba62d

Package: later
Source: CRAN
Version: 1.0.0
Hash: a63bf8555c73402bb1504da55a15c930
Requires: BH, Rcpp, rlang

Package: lazyeval
Source: CRAN
Version: 0.2.2
Hash: 563563691bea3cde6945a98996d7c166

Package: lifecycle
Source: CRAN
Version: 0.2.0
Hash: df8649860c43571aab68cc73a2a02807
Requires: glue, rlang

Package: lubridate
Source: CRAN
Version: 1.7.4
Hash: 74ce398682545c624d819a6b5c4c461b
Requires: Rcpp, stringr

Package: magrittr
Source: CRAN
Version: 1.5
Hash: bdc4d48c3135e8f3b399536ddf160df4

Package: mime
Source: CRAN
Version: 0.9
Hash: f3388735b4ddea072aff3be44f7f4968

Package: openxlsx
Source: CRAN
Version: 4.1.4
Hash: d6e454d9d777caf6fd74709b57065219
Requires: Rcpp, stringi, zip

Package: packrat
Source: CRAN
Version: 0.5.0
Hash: 498643e765d1442ba7b1160a1df3abf9

Package: pillar
Source: CRAN
Version: 1.4.3
Hash: 64ebcd61a33f2bd9059ffa8a323fd620
Requires: cli, crayon, fansi, rlang, utf8, vctrs

Package: pkgconfig
Source: CRAN
Version: 2.0.3
Hash: 5ff5f2361851a49534c96caa2a8071c7

Package: plogr
Source: CRAN
Version: 0.2.0
Hash: 81a8008a5e7858552503935f1abe48aa

Package: plumber
Source: CRAN
Version: 0.4.6
Hash: 56b7230d3ec9bfe86c17b83af6a9b011
Requires: R6, crayon, httpuv, jsonlite, stringi

Package: plyr
Source: CRAN
Version: 1.8.6
Hash: 21cc8cd745bb8b6b2f23082301e8fa71
Requires: Rcpp

Package: pool
Source: CRAN
Version: 0.1.4.3
Hash: 7b39d8311a0d81ea7f01bddc93b0beaa
Requires: DBI, R6, dbplyr, dplyr, later

Package: prettyunits
Source: CRAN
Version: 1.1.1
Hash: 20669cd8bb8b3207f6371edf8cf510af

Package: progress
Source: CRAN
Version: 1.2.2
Hash: 209280eb751acf5899f7c69366e14bd3
Requires: R6, crayon, hms, prettyunits

Package: promises
Source: CRAN
Version: 1.1.0
Hash: 8880b05e820a206470bcae597312329a
Requires: R6, Rcpp, later, magrittr, rlang

Package: purrr
Source: CRAN
Version: 0.3.3
Hash: d4f497f8a97ef6c7182a87b2476748d1
Requires: magrittr, rlang

Package: quantmod
Source: CRAN
Version: 0.4-16
Hash: 032cb559c882bfe4770c4682c7e1417c
Requires: TTR, curl, xts, zoo

Package: readr
Source: CRAN
Version: 1.3.1
Hash: 7dcea00933f9bd8c4d5a154b50762091
Requires: BH, R6, Rcpp, clipr, crayon, hms, tibble

Package: readxl
Source: CRAN
Version: 1.3.1
Hash: b78b0f9a2c23914bd965b92434d10d6d
Requires: Rcpp, cellranger, progress, tibble

Package: rematch
Source: CRAN
Version: 1.0.1
Hash: ad4faf59e7611117ff165817074c50c7

Package: reshape2
Source: CRAN
Version: 1.4.3
Hash: 07530ccc44ce1d2e5390d6ae41bafe03
Requires: Rcpp, plyr, stringr

Package: rio
Source: CRAN
Version: 0.5.16
Hash: 2f4c960bbac0fc50cf19f5aebf42d82c
Requires: curl, data.table, haven, openxlsx, readxl, tibble

Package: rlang
Source: CRAN
Version: 0.4.5
Hash: 99d62d0aaf54a9938784f4485efa9933

Package: rlist
Source: CRAN
Version: 0.4.6.1
Hash: 4900e17a86fa510778fd99079c905d5d
Requires: XML, data.table, jsonlite, yaml

Package: shiny
Source: CRAN
Version: 1.4.0.2
Hash: 42d22fabaa1b11b7b7e4a9f623b4641a
Requires: R6, crayon, digest, fastmap, htmltools, httpuv, jsonlite,
    later, mime, promises, rlang, sourcetools, xtable

Package: shinyjs
Source: CRAN
Version: 1.1
Hash: 1998b94e4425bcc71539e897bceed880
Requires: digest, htmltools, jsonlite, shiny

Package: sourcetools
Source: CRAN
Version: 0.1.7
Hash: d093478ac90064e670cd4bf1a99b47b6

Package: statquotes
Source: CRAN
Version: 0.2.2
Hash: fe0df83984cef8eccd72bf0b36f29973
Requires: stringr, tidytext, wordcloud

Package: stopwords
Source: CRAN
Version: 1.0
Hash: 123a20f51113b43b57d2dc86da8b8e29
Requires: ISOcodes

Package: stringi
Source: CRAN
Version: 1.4.6
Hash: 076b0f115b37ca6d551ccff96b91114e

Package: stringr
Source: CRAN
Version: 1.4.0
Hash: 67da32dbb2a7a16f2ef124336358e54a
Requires: glue, magrittr, stringi

Package: tibble
Source: CRAN
Version: 2.1.3
Hash: f59680d81ddc45fa3fcb8c07686d1d89
Requires: cli, crayon, fansi, pillar, pkgconfig, rlang

Package: tidyr
Source: CRAN
Version: 1.0.2
Hash: 0ad9af808e4d44c98b2b0684ce671b18
Requires: Rcpp, dplyr, ellipsis, glue, lifecycle, magrittr, purrr,
    rlang, stringi, tibble, tidyselect, vctrs

Package: tidyselect
Source: CRAN
Version: 1.0.0
Hash: 0ba21f624978533adf670338aa3f86b4
Requires: ellipsis, glue, purrr, rlang, vctrs

Package: tidytext
Source: CRAN
Version: 0.2.3
Hash: d064a2393bf4ee64d274e1d53e735ce9
Requires: dplyr, generics, hunspell, janeaustenr, purrr, rlang,
    stopwords, stringr, tokenizers

Package: tokenizers
Source: CRAN
Version: 0.2.1
Hash: 04af8470c0eddbbc5a4ebac9dfef34fe
Requires: Rcpp, SnowballC, stringi

Package: tradestatistics
Source: CRAN
Version: 0.2.7
Hash: 7811664907cf94f6d9b26c8a794ec2a6
Requires: crul, dplyr, jsonlite, magrittr, purrr, rlang, stringr

Package: triebeard
Source: CRAN
Version: 0.3.0
Hash: c8901efb5ace6ebc911ab34809377683
Requires: Rcpp

Package: urltools
Source: CRAN
Version: 1.7.3
Hash: 2e1b2fa148749972db13b55f857f443f
Requires: Rcpp, triebeard

Package: utf8
Source: CRAN
Version: 1.1.4
Hash: f3f97ce59092abc8ed3fd098a59e236c

Package: vctrs
Source: CRAN
Version: 0.2.4
Hash: e06451edcd80df3a07b71fe7f5d10739
Requires: digest, ellipsis, glue, rlang

Package: whisker
Source: CRAN
Version: 0.4
Hash: 5b1ec05cd96c1e0c6048bab49abee3aa

Package: wordcloud
Source: CRAN
Version: 2.6
Hash: d8da3082bc033500e21d4db25f4b4b0e
Requires: RColorBrewer, Rcpp

Package: xtable
Source: CRAN
Version: 1.8-4
Hash: dc0d47261b678d26032363bebd050540

Package: xts
Source: CRAN
Version: 0.12-0
Hash: 44a97ea0592b91a5ba6851df01f5bb9f
Requires: zoo

Package: yaml
Source: CRAN
Version: 2.2.1
Hash: 424bc11cc358f23187feaa7978628196

Package: zip
Source: CRAN
Version: 2.0.4
Hash: f86b0ae5776b2e3880871fb0e34e5e48

Package: zoo
Source: CRAN
Version: 1.8-7
Hash: d333d9408647b5fc153dc5817b3ad0fe
